{
  "name": "SoundP-React",
  "lockfileVersion": 2,
  "requires": true,
  "packages": {
    "node_modules/@openzeppelin/contracts": {
      "version": "3.3.0",
      "resolved": "https://registry.npmjs.org/@openzeppelin/contracts/-/contracts-3.3.0.tgz",
      "integrity": "sha512-AemZEsQYtUp1WRkcmZm1div5ORfTpLquLaziCIrSagjxyKdmObxuaY1yjQ5SHFMctR8rLwp706NXTbiIRJg7pw=="
    }
  },
  "dependencies": {
    "@openzeppelin/contracts": {
      "version": "https://registry.npmjs.org/@openzeppelin/contracts/-/contracts-3.3.0.tgz",
      "integrity": "sha512-AemZEsQYtUp1WRkcmZm1div5ORfTpLquLaziCIrSagjxyKdmObxuaY1yjQ5SHFMctR8rLwp706NXTbiIRJg7pw=="
    }
  }
}
